{
  "name": "rlang-node-receiver",
  "version": "0.0.0",
  "lockfileVersion": 2,
  "requires": true,
  "packages": {
    "": {
      "name": "rlang-node-receiver",
      "version": "0.0.0",
      "license": "MIT",
      "dependencies": {
        "rlang-grammar": "^0.0.0",
        "rlang-kernel": "^0.0.0"
      }
    },
    "node_modules/nanoid": {
      "version": "3.3.4",
      "resolved": "https://registry.npmmirror.com/nanoid/-/nanoid-3.3.4.tgz",
      "integrity": "sha512-MqBkQh/OHTS2egovRtLk45wEyNXwF+cokD+1YPf9u5VfJiRdAiRwB2froX5Co9Rh20xs4siNPm8naNotSD6RBw==",
      "bin": {
        "nanoid": "bin/nanoid.cjs"
      },
      "engines": {
        "node": "^10 || ^12 || ^13.7 || ^14 || >=15.0.1"
      }
    },
    "node_modules/rlang-grammar": {
      "version": "0.0.0",
      "resolved": "https://registry.npmmirror.com/rlang-grammar/-/rlang-grammar-0.0.0.tgz",
      "integrity": "sha512-c94fUkpp9pgDMeiS52EEUOPsjV88BskA87sgyXNJNpRsuVtX+zBzhrtywCvnTIstKeLmlwKHdhuW26C9ucDt6A=="
    },
    "node_modules/rlang-kernel": {
      "version": "0.0.0",
      "resolved": "https://registry.npmmirror.com/rlang-kernel/-/rlang-kernel-0.0.0.tgz",
      "integrity": "sha512-OsIt78HRiFtEEL5M4I5nDUosevVcgHkxu289bx+j1Ndz5dkenvAE+E9n2aPjteQcdnNKKXt1HlVfuKiMkkwKtw==",
      "dependencies": {
        "nanoid": "^3.0.0",
        "rxjs": "^7.5.5",
        "ts-toolbelt": "^9.6.0"
      }
    },
    "node_modules/rxjs": {
      "version": "7.8.0",
      "resolved": "https://registry.npmmirror.com/rxjs/-/rxjs-7.8.0.tgz",
      "integrity": "sha512-F2+gxDshqmIub1KdvZkaEfGDwLNpPvk9Fs6LD/MyQxNgMds/WH9OdDDXOmxUZpME+iSK3rQCctkL0DYyytUqMg==",
      "dependencies": {
        "tslib": "^2.1.0"
      }
    },
    "node_modules/ts-toolbelt": {
      "version": "9.6.0",
      "resolved": "https://registry.npmmirror.com/ts-toolbelt/-/ts-toolbelt-9.6.0.tgz",
      "integrity": "sha512-nsZd8ZeNUzukXPlJmTBwUAuABDe/9qtVDelJeT/qW0ow3ZS3BsQJtNkan1802aM9Uf68/Y8ljw86Hu0h5IUW3w=="
    },
    "node_modules/tslib": {
      "version": "2.5.0",
      "resolved": "https://registry.npmmirror.com/tslib/-/tslib-2.5.0.tgz",
      "integrity": "sha512-336iVw3rtn2BUK7ORdIAHTyxHGRIHVReokCR3XjbckJMK7ms8FysBfhLR8IXnAgy7T0PTPNBWKiH514FOW/WSg=="
    }
  },
  "dependencies": {
    "nanoid": {
      "version": "3.3.4",
      "resolved": "https://registry.npmmirror.com/nanoid/-/nanoid-3.3.4.tgz",
      "integrity": "sha512-MqBkQh/OHTS2egovRtLk45wEyNXwF+cokD+1YPf9u5VfJiRdAiRwB2froX5Co9Rh20xs4siNPm8naNotSD6RBw=="
    },
    "rlang-grammar": {
      "version": "0.0.0",
      "resolved": "https://registry.npmmirror.com/rlang-grammar/-/rlang-grammar-0.0.0.tgz",
      "integrity": "sha512-c94fUkpp9pgDMeiS52EEUOPsjV88BskA87sgyXNJNpRsuVtX+zBzhrtywCvnTIstKeLmlwKHdhuW26C9ucDt6A=="
    },
    "rlang-kernel": {
      "version": "0.0.0",
      "resolved": "https://registry.npmmirror.com/rlang-kernel/-/rlang-kernel-0.0.0.tgz",
      "integrity": "sha512-OsIt78HRiFtEEL5M4I5nDUosevVcgHkxu289bx+j1Ndz5dkenvAE+E9n2aPjteQcdnNKKXt1HlVfuKiMkkwKtw==",
      "requires": {
        "nanoid": "^3.0.0",
        "rxjs": "^7.5.5",
        "ts-toolbelt": "^9.6.0"
      }
    },
    "rxjs": {
      "version": "7.8.0",
      "resolved": "https://registry.npmmirror.com/rxjs/-/rxjs-7.8.0.tgz",
      "integrity": "sha512-F2+gxDshqmIub1KdvZkaEfGDwLNpPvk9Fs6LD/MyQxNgMds/WH9OdDDXOmxUZpME+iSK3rQCctkL0DYyytUqMg==",
      "requires": {
        "tslib": "^2.1.0"
      }
    },
    "ts-toolbelt": {
      "version": "9.6.0",
      "resolved": "https://registry.npmmirror.com/ts-toolbelt/-/ts-toolbelt-9.6.0.tgz",
      "integrity": "sha512-nsZd8ZeNUzukXPlJmTBwUAuABDe/9qtVDelJeT/qW0ow3ZS3BsQJtNkan1802aM9Uf68/Y8ljw86Hu0h5IUW3w=="
    },
    "tslib": {
      "version": "2.5.0",
      "resolved": "https://registry.npmmirror.com/tslib/-/tslib-2.5.0.tgz",
      "integrity": "sha512-336iVw3rtn2BUK7ORdIAHTyxHGRIHVReokCR3XjbckJMK7ms8FysBfhLR8IXnAgy7T0PTPNBWKiH514FOW/WSg=="
    }
  }
}
