{
  "name": "rlang-loader",
  "version": "0.0.1",
  "lockfileVersion": 2,
  "requires": true,
  "packages": {
    "": {
      "name": "rlang-loader",
      "version": "0.0.1",
      "license": "MIT",
      "devDependencies": {
        "load-script": "^2.0.0"
      }
    },
    "node_modules/load-script": {
      "version": "2.0.0",
      "resolved": "https://registry.npmmirror.com/load-script/-/load-script-2.0.0.tgz",
      "integrity": "sha512-km6cyoPW4rM22JMGb+SHUKPMZVDpUaMpMAKrv8UHWllIxc/qjgMGHD91nY+5hM+/NFs310OZ2pqQeJKs7HqWPA==",
      "dev": true
    }
  },
  "dependencies": {
    "load-script": {
      "version": "2.0.0",
      "resolved": "https://registry.npmmirror.com/load-script/-/load-script-2.0.0.tgz",
      "integrity": "sha512-km6cyoPW4rM22JMGb+SHUKPMZVDpUaMpMAKrv8UHWllIxc/qjgMGHD91nY+5hM+/NFs310OZ2pqQeJKs7HqWPA==",
      "dev": true
    }
  }
}
